
Microsoft Visual Studio Solution File, Format Version 12.00
# Visual Studio Version 17
VisualStudioVersion = 17.7.34024.191
MinimumVisualStudioVersion = 10.0.40219.1
Project("{FAE04EC0-301F-11D3-BF4B-00C04F79EFBC}") = "app2", "app2\app2.csproj", "{DC1CDDAF-411B-4B22-8556-5F889BF0891F}"
EndProject
Global
	GlobalSection(SolutionConfigurationPlatforms) = preSolution
		Debug|Any CPU = Debug|Any CPU
		Release|Any CPU = Release|Any CPU
	EndGlobalSection
	GlobalSection(ProjectConfigurationPlatforms) = postSolution
		{DC1CDDAF-411B-4B22-8556-5F889BF0891F}.Debug|Any CPU.ActiveCfg = Debug|Any CPU
		{DC1CDDAF-411B-4B22-8556-5F889BF0891F}.Debug|Any CPU.Build.0 = Debug|Any CPU
		{DC1CDDAF-411B-4B22-8556-5F889BF0891F}.Release|Any CPU.ActiveCfg = Release|Any CPU
		{DC1CDDAF-411B-4B22-8556-5F889BF0891F}.Release|Any CPU.Build.0 = Release|Any CPU
	EndGlobalSection
	GlobalSection(SolutionProperties) = preSolution
		HideSolutionNode = FALSE
	EndGlobalSection
	GlobalSection(ExtensibilityGlobals) = postSolution
		SolutionGuid = {552F1D1C-296A-499C-967B-CB9AF867C380}
	EndGlobalSection
EndGlobal
